
Microsoft Visual Studio Solution File, Format Version 12.00
# Visual Studio 15
VisualStudioVersion = 15.0.28307.329
MinimumVisualStudioVersion = 10.0.40219.1
Project("{FAE04EC0-301F-11D3-BF4B-00C04F79EFBC}") = "Exercise1", "Exercise1\Exercise1.csproj", "{E0301130-8953-4AB1-91EA-C543144BE5F3}"
EndProject
Project("{FAE04EC0-301F-11D3-BF4B-00C04F79EFBC}") = "Exercise2", "Exercise2\Exercise2.csproj", "{122652A4-A073-432B-A9FD-B80C4A0BDD0B}"
EndProject
Project("{FAE04EC0-301F-11D3-BF4B-00C04F79EFBC}") = "Exercise3", "Exercise3\Exercise3.csproj", "{C9872895-36C0-487D-A502-9C18BBA40AEC}"
EndProject
Project("{FAE04EC0-301F-11D3-BF4B-00C04F79EFBC}") = "Exercise4", "Exercise4\Exercise4.csproj", "{F73A4144-C6DD-4D8E-A0F9-EA993929F188}"
EndProject
Project("{FAE04EC0-301F-11D3-BF4B-00C04F79EFBC}") = "Exercise5", "Exercise5\Exercise5.csproj", "{03AD110C-C050-440E-AE61-A8A2C79C9CB6}"
EndProject
Project("{FAE04EC0-301F-11D3-BF4B-00C04F79EFBC}") = "Exercise6", "Exercise6\Exercise6.csproj", "{AB076EDB-927C-4F19-81BE-CE6AED242ABD}"
EndProject
Project("{FAE04EC0-301F-11D3-BF4B-00C04F79EFBC}") = "Exercise8", "Exercise8\Exercise8.csproj", "{F8D56C6C-9DB0-49D6-8215-290B32A77054}"
EndProject
Project("{FAE04EC0-301F-11D3-BF4B-00C04F79EFBC}") = "Exercise9", "Exercise9\Exercise9.csproj", "{D5875B4A-DF91-4E00-B1FF-4141300F7D79}"
EndProject
Project("{FAE04EC0-301F-11D3-BF4B-00C04F79EFBC}") = "Exercise10", "Exercise10\Exercise10.csproj", "{188BF473-D176-49B1-AD1B-4DA87C0DD712}"
EndProject
Project("{FAE04EC0-301F-11D3-BF4B-00C04F79EFBC}") = "Exercise11", "Exercise11\Exercise11.csproj", "{93C4C974-B427-406D-A731-29E1F3D97924}"
EndProject
Project("{FAE04EC0-301F-11D3-BF4B-00C04F79EFBC}") = "Exercise12", "Exercise12\Exercise12.csproj", "{76C9E751-562F-4823-81BE-4268E629C3F4}"
EndProject
Project("{FAE04EC0-301F-11D3-BF4B-00C04F79EFBC}") = "Exercise7", "Exercise7\Exercise7.csproj", "{E621476E-2C58-4AB4-87F8-B265594960EE}"
EndProject
Global
	GlobalSection(SolutionConfigurationPlatforms) = preSolution
		Debug|Any CPU = Debug|Any CPU
		Release|Any CPU = Release|Any CPU
	EndGlobalSection
	GlobalSection(ProjectConfigurationPlatforms) = postSolution
		{E0301130-8953-4AB1-91EA-C543144BE5F3}.Debug|Any CPU.ActiveCfg = Debug|Any CPU
		{E0301130-8953-4AB1-91EA-C543144BE5F3}.Debug|Any CPU.Build.0 = Debug|Any CPU
		{E0301130-8953-4AB1-91EA-C543144BE5F3}.Release|Any CPU.ActiveCfg = Release|Any CPU
		{E0301130-8953-4AB1-91EA-C543144BE5F3}.Release|Any CPU.Build.0 = Release|Any CPU
		{122652A4-A073-432B-A9FD-B80C4A0BDD0B}.Debug|Any CPU.ActiveCfg = Debug|Any CPU
		{122652A4-A073-432B-A9FD-B80C4A0BDD0B}.Debug|Any CPU.Build.0 = Debug|Any CPU
		{122652A4-A073-432B-A9FD-B80C4A0BDD0B}.Release|Any CPU.ActiveCfg = Release|Any CPU
		{122652A4-A073-432B-A9FD-B80C4A0BDD0B}.Release|Any CPU.Build.0 = Release|Any CPU
		{C9872895-36C0-487D-A502-9C18BBA40AEC}.Debug|Any CPU.ActiveCfg = Debug|Any CPU
		{C9872895-36C0-487D-A502-9C18BBA40AEC}.Debug|Any CPU.Build.0 = Debug|Any CPU
		{C9872895-36C0-487D-A502-9C18BBA40AEC}.Release|Any CPU.ActiveCfg = Release|Any CPU
		{C9872895-36C0-487D-A502-9C18BBA40AEC}.Release|Any CPU.Build.0 = Release|Any CPU
		{F73A4144-C6DD-4D8E-A0F9-EA993929F188}.Debug|Any CPU.ActiveCfg = Debug|Any CPU
		{F73A4144-C6DD-4D8E-A0F9-EA993929F188}.Debug|Any CPU.Build.0 = Debug|Any CPU
		{F73A4144-C6DD-4D8E-A0F9-EA993929F188}.Release|Any CPU.ActiveCfg = Release|Any CPU
		{F73A4144-C6DD-4D8E-A0F9-EA993929F188}.Release|Any CPU.Build.0 = Release|Any CPU
		{03AD110C-C050-440E-AE61-A8A2C79C9CB6}.Debug|Any CPU.ActiveCfg = Debug|Any CPU
		{03AD110C-C050-440E-AE61-A8A2C79C9CB6}.Debug|Any CPU.Build.0 = Debug|Any CPU
		{03AD110C-C050-440E-AE61-A8A2C79C9CB6}.Release|Any CPU.ActiveCfg = Release|Any CPU
		{03AD110C-C050-440E-AE61-A8A2C79C9CB6}.Release|Any CPU.Build.0 = Release|Any CPU
		{AB076EDB-927C-4F19-81BE-CE6AED242ABD}.Debug|Any CPU.ActiveCfg = Debug|Any CPU
		{AB076EDB-927C-4F19-81BE-CE6AED242ABD}.Debug|Any CPU.Build.0 = Debug|Any CPU
		{AB076EDB-927C-4F19-81BE-CE6AED242ABD}.Release|Any CPU.ActiveCfg = Release|Any CPU
		{AB076EDB-927C-4F19-81BE-CE6AED242ABD}.Release|Any CPU.Build.0 = Release|Any CPU
		{F8D56C6C-9DB0-49D6-8215-290B32A77054}.Debug|Any CPU.ActiveCfg = Debug|Any CPU
		{F8D56C6C-9DB0-49D6-8215-290B32A77054}.Debug|Any CPU.Build.0 = Debug|Any CPU
		{F8D56C6C-9DB0-49D6-8215-290B32A77054}.Release|Any CPU.ActiveCfg = Release|Any CPU
		{F8D56C6C-9DB0-49D6-8215-290B32A77054}.Release|Any CPU.Build.0 = Release|Any CPU
		{D5875B4A-DF91-4E00-B1FF-4141300F7D79}.Debug|Any CPU.ActiveCfg = Debug|Any CPU
		{D5875B4A-DF91-4E00-B1FF-4141300F7D79}.Debug|Any CPU.Build.0 = Debug|Any CPU
		{D5875B4A-DF91-4E00-B1FF-4141300F7D79}.Release|Any CPU.ActiveCfg = Release|Any CPU
		{D5875B4A-DF91-4E00-B1FF-4141300F7D79}.Release|Any CPU.Build.0 = Release|Any CPU
		{188BF473-D176-49B1-AD1B-4DA87C0DD712}.Debug|Any CPU.ActiveCfg = Debug|Any CPU
		{188BF473-D176-49B1-AD1B-4DA87C0DD712}.Debug|Any CPU.Build.0 = Debug|Any CPU
		{188BF473-D176-49B1-AD1B-4DA87C0DD712}.Release|Any CPU.ActiveCfg = Release|Any CPU
		{188BF473-D176-49B1-AD1B-4DA87C0DD712}.Release|Any CPU.Build.0 = Release|Any CPU
		{93C4C974-B427-406D-A731-29E1F3D97924}.Debug|Any CPU.ActiveCfg = Debug|Any CPU
		{93C4C974-B427-406D-A731-29E1F3D97924}.Debug|Any CPU.Build.0 = Debug|Any CPU
		{93C4C974-B427-406D-A731-29E1F3D97924}.Release|Any CPU.ActiveCfg = Release|Any CPU
		{93C4C974-B427-406D-A731-29E1F3D97924}.Release|Any CPU.Build.0 = Release|Any CPU
		{76C9E751-562F-4823-81BE-4268E629C3F4}.Debug|Any CPU.ActiveCfg = Debug|Any CPU
		{76C9E751-562F-4823-81BE-4268E629C3F4}.Debug|Any CPU.Build.0 = Debug|Any CPU
		{76C9E751-562F-4823-81BE-4268E629C3F4}.Release|Any CPU.ActiveCfg = Release|Any CPU
		{76C9E751-562F-4823-81BE-4268E629C3F4}.Release|Any CPU.Build.0 = Release|Any CPU
		{E621476E-2C58-4AB4-87F8-B265594960EE}.Debug|Any CPU.ActiveCfg = Debug|Any CPU
		{E621476E-2C58-4AB4-87F8-B265594960EE}.Debug|Any CPU.Build.0 = Debug|Any CPU
		{E621476E-2C58-4AB4-87F8-B265594960EE}.Release|Any CPU.ActiveCfg = Release|Any CPU
		{E621476E-2C58-4AB4-87F8-B265594960EE}.Release|Any CPU.Build.0 = Release|Any CPU
	EndGlobalSection
	GlobalSection(SolutionProperties) = preSolution
		HideSolutionNode = FALSE
	EndGlobalSection
	GlobalSection(ExtensibilityGlobals) = postSolution
		SolutionGuid = {FE603A2B-4C0A-492D-B52F-5997CB495ACC}
	EndGlobalSection
EndGlobal
